
Microsoft Visual Studio Solution File, Format Version 12.00
Project("{FAE04EC0-301F-11D3-BF4B-00C04F79EFBC}") = "Education portal", "Education portal\Education portal.csproj", "{B8B49107-DEA3-4FD8-BAB7-593F7D680E91}"
EndProject
Project("{FAE04EC0-301F-11D3-BF4B-00C04F79EFBC}") = "EducationPortal.Db", "EducationPortal.Db\EducationPortal.Db.csproj", "{AE728535-E6F0-475B-A411-7C4275B91737}"
EndProject
Project("{FAE04EC0-301F-11D3-BF4B-00C04F79EFBC}") = "EducationPortal.Tests", "EducationPortal.Tests\EducationPortal.Tests.csproj", "{89F291D9-C02F-4DC0-961D-0ACA230325FD}"
EndProject
Global
	GlobalSection(SolutionConfigurationPlatforms) = preSolution
		Debug|Any CPU = Debug|Any CPU
		Release|Any CPU = Release|Any CPU
	EndGlobalSection
	GlobalSection(ProjectConfigurationPlatforms) = postSolution
		{B8B49107-DEA3-4FD8-BAB7-593F7D680E91}.Debug|Any CPU.ActiveCfg = Debug|Any CPU
		{B8B49107-DEA3-4FD8-BAB7-593F7D680E91}.Debug|Any CPU.Build.0 = Debug|Any CPU
		{B8B49107-DEA3-4FD8-BAB7-593F7D680E91}.Release|Any CPU.ActiveCfg = Release|Any CPU
		{B8B49107-DEA3-4FD8-BAB7-593F7D680E91}.Release|Any CPU.Build.0 = Release|Any CPU
		{AE728535-E6F0-475B-A411-7C4275B91737}.Debug|Any CPU.ActiveCfg = Debug|Any CPU
		{AE728535-E6F0-475B-A411-7C4275B91737}.Debug|Any CPU.Build.0 = Debug|Any CPU
		{AE728535-E6F0-475B-A411-7C4275B91737}.Release|Any CPU.ActiveCfg = Release|Any CPU
		{AE728535-E6F0-475B-A411-7C4275B91737}.Release|Any CPU.Build.0 = Release|Any CPU
		{89F291D9-C02F-4DC0-961D-0ACA230325FD}.Debug|Any CPU.ActiveCfg = Debug|Any CPU
		{89F291D9-C02F-4DC0-961D-0ACA230325FD}.Debug|Any CPU.Build.0 = Debug|Any CPU
		{89F291D9-C02F-4DC0-961D-0ACA230325FD}.Release|Any CPU.ActiveCfg = Release|Any CPU
		{89F291D9-C02F-4DC0-961D-0ACA230325FD}.Release|Any CPU.Build.0 = Release|Any CPU
	EndGlobalSection
EndGlobal
